
Microsoft Visual Studio Solution File, Format Version 12.00
# Visual Studio Version 16
VisualStudioVersion = 16.0.31729.503
MinimumVisualStudioVersion = 10.0.40219.1
Project("{FAE04EC0-301F-11D3-BF4B-00C04F79EFBC}") = "MertCorukoglu_MEBCASE", "MertCorukoglu_MEBCASE\MertCorukoglu_MEBCASE.csproj", "{DA65BBE6-9F96-4E18-B649-25C2E4DF27F7}"
EndProject
Global
	GlobalSection(SolutionConfigurationPlatforms) = preSolution
		Debug|Any CPU = Debug|Any CPU
		Release|Any CPU = Release|Any CPU
	EndGlobalSection
	GlobalSection(ProjectConfigurationPlatforms) = postSolution
		{DA65BBE6-9F96-4E18-B649-25C2E4DF27F7}.Debug|Any CPU.ActiveCfg = Debug|Any CPU
		{DA65BBE6-9F96-4E18-B649-25C2E4DF27F7}.Debug|Any CPU.Build.0 = Debug|Any CPU
		{DA65BBE6-9F96-4E18-B649-25C2E4DF27F7}.Release|Any CPU.ActiveCfg = Release|Any CPU
		{DA65BBE6-9F96-4E18-B649-25C2E4DF27F7}.Release|Any CPU.Build.0 = Release|Any CPU
	EndGlobalSection
	GlobalSection(SolutionProperties) = preSolution
		HideSolutionNode = FALSE
	EndGlobalSection
	GlobalSection(ExtensibilityGlobals) = postSolution
		SolutionGuid = {B046B452-971E-447F-879F-AFEA3B631635}
	EndGlobalSection
EndGlobal
